
Microsoft Visual Studio Solution File, Format Version 12.00
# Visual Studio Version 16
VisualStudioVersion = 16.0.31409.214
MinimumVisualStudioVersion = 10.0.40219.1
Project("{FAE04EC0-301F-11D3-BF4B-00C04F79EFBC}") = "podtest", "podtest\podtest.csproj", "{C934F88E-7B0F-4AD5-A888-ABC6BD1FAC1E}"
EndProject
Global
	GlobalSection(SolutionConfigurationPlatforms) = preSolution
		Debug|Any CPU = Debug|Any CPU
		Release|Any CPU = Release|Any CPU
	EndGlobalSection
	GlobalSection(ProjectConfigurationPlatforms) = postSolution
		{C934F88E-7B0F-4AD5-A888-ABC6BD1FAC1E}.Debug|Any CPU.ActiveCfg = Debug|Any CPU
		{C934F88E-7B0F-4AD5-A888-ABC6BD1FAC1E}.Debug|Any CPU.Build.0 = Debug|Any CPU
		{C934F88E-7B0F-4AD5-A888-ABC6BD1FAC1E}.Release|Any CPU.ActiveCfg = Release|Any CPU
		{C934F88E-7B0F-4AD5-A888-ABC6BD1FAC1E}.Release|Any CPU.Build.0 = Release|Any CPU
	EndGlobalSection
	GlobalSection(SolutionProperties) = preSolution
		HideSolutionNode = FALSE
	EndGlobalSection
	GlobalSection(ExtensibilityGlobals) = postSolution
		SolutionGuid = {6E82E59E-A333-4F17-BEC4-B5561899A802}
	EndGlobalSection
EndGlobal
